
Microsoft Visual Studio Solution File, Format Version 12.00
# Visual Studio Version 17
VisualStudioVersion = 17.0.31903.59
MinimumVisualStudioVersion = 10.0.40219.1
Project("{FAE04EC0-301F-11D3-BF4B-00C04F79EFBC}") = "TTT.Api", "TTT.Api\TTT.Api.csproj", "{A7B58A1F-7C15-423B-B008-30E38D0E2135}"
EndProject
Project("{FAE04EC0-301F-11D3-BF4B-00C04F79EFBC}") = "TTT.Plugin", "TTT.Plugin\TTT.Plugin.csproj", "{581DA648-28A9-4E6F-9E1C-7DD19B90C10F}"
EndProject
Project("{FAE04EC0-301F-11D3-BF4B-00C04F79EFBC}") = "TTT.Test", "TTT.Test\TTT.Test.csproj", "{D0424929-808F-49F8-9894-DDD770F55B7C}"
EndProject
Project("{FAE04EC0-301F-11D3-BF4B-00C04F79EFBC}") = "TTT.CS2", "TTT.CS2\TTT.CS2.csproj", "{A595E6E3-A881-4524-8E5D-DE65106E1DD5}"
EndProject
Project("{FAE04EC0-301F-11D3-BF4B-00C04F79EFBC}") = "TTT.Game", "TTT.Game\TTT.Game.csproj", "{C41F5E15-2E28-4D14-A9F8-06FEADD24F2D}"
EndProject
Project("{FAE04EC0-301F-11D3-BF4B-00C04F79EFBC}") = "Versioning", "Versioning\Versioning.csproj", "{7AABCDC7-14BE-437C-BD41-C765CAB82F0E}"
EndProject
Global
	GlobalSection(SolutionConfigurationPlatforms) = preSolution
		Debug|Any CPU = Debug|Any CPU
		Release|Any CPU = Release|Any CPU
	EndGlobalSection
	GlobalSection(SolutionProperties) = preSolution
		HideSolutionNode = FALSE
	EndGlobalSection
	GlobalSection(ProjectConfigurationPlatforms) = postSolution
		{A7B58A1F-7C15-423B-B008-30E38D0E2135}.Debug|Any CPU.ActiveCfg = Debug|Any CPU
		{A7B58A1F-7C15-423B-B008-30E38D0E2135}.Debug|Any CPU.Build.0 = Debug|Any CPU
		{A7B58A1F-7C15-423B-B008-30E38D0E2135}.Release|Any CPU.ActiveCfg = Release|Any CPU
		{A7B58A1F-7C15-423B-B008-30E38D0E2135}.Release|Any CPU.Build.0 = Release|Any CPU
		{581DA648-28A9-4E6F-9E1C-7DD19B90C10F}.Debug|Any CPU.ActiveCfg = Debug|Any CPU
		{581DA648-28A9-4E6F-9E1C-7DD19B90C10F}.Debug|Any CPU.Build.0 = Debug|Any CPU
		{581DA648-28A9-4E6F-9E1C-7DD19B90C10F}.Release|Any CPU.ActiveCfg = Release|Any CPU
		{581DA648-28A9-4E6F-9E1C-7DD19B90C10F}.Release|Any CPU.Build.0 = Release|Any CPU
		{D0424929-808F-49F8-9894-DDD770F55B7C}.Debug|Any CPU.ActiveCfg = Debug|Any CPU
		{D0424929-808F-49F8-9894-DDD770F55B7C}.Debug|Any CPU.Build.0 = Debug|Any CPU
		{D0424929-808F-49F8-9894-DDD770F55B7C}.Release|Any CPU.ActiveCfg = Release|Any CPU
		{D0424929-808F-49F8-9894-DDD770F55B7C}.Release|Any CPU.Build.0 = Release|Any CPU
		{A595E6E3-A881-4524-8E5D-DE65106E1DD5}.Debug|Any CPU.ActiveCfg = Debug|Any CPU
		{A595E6E3-A881-4524-8E5D-DE65106E1DD5}.Debug|Any CPU.Build.0 = Debug|Any CPU
		{A595E6E3-A881-4524-8E5D-DE65106E1DD5}.Release|Any CPU.ActiveCfg = Release|Any CPU
		{A595E6E3-A881-4524-8E5D-DE65106E1DD5}.Release|Any CPU.Build.0 = Release|Any CPU
		{C41F5E15-2E28-4D14-A9F8-06FEADD24F2D}.Debug|Any CPU.ActiveCfg = Debug|Any CPU
		{C41F5E15-2E28-4D14-A9F8-06FEADD24F2D}.Debug|Any CPU.Build.0 = Debug|Any CPU
		{C41F5E15-2E28-4D14-A9F8-06FEADD24F2D}.Release|Any CPU.ActiveCfg = Release|Any CPU
		{C41F5E15-2E28-4D14-A9F8-06FEADD24F2D}.Release|Any CPU.Build.0 = Release|Any CPU
		{7AABCDC7-14BE-437C-BD41-C765CAB82F0E}.Debug|Any CPU.ActiveCfg = Debug|Any CPU
		{7AABCDC7-14BE-437C-BD41-C765CAB82F0E}.Debug|Any CPU.Build.0 = Debug|Any CPU
		{7AABCDC7-14BE-437C-BD41-C765CAB82F0E}.Release|Any CPU.ActiveCfg = Release|Any CPU
		{7AABCDC7-14BE-437C-BD41-C765CAB82F0E}.Release|Any CPU.Build.0 = Release|Any CPU
	EndGlobalSection
	GlobalSection(NestedProjects) = preSolution
	EndGlobalSection
EndGlobal
