
Microsoft Visual Studio Solution File, Format Version 12.00
# Visual Studio Version 17
VisualStudioVersion = 17.0.31903.59
MinimumVisualStudioVersion = 10.0.40219.1
Project("{FAE04EC0-301F-11D3-BF4B-00C04F79EFBC}") = "API", "TTT\API\API.csproj", "{A7B58A1F-7C15-423B-B008-30E38D0E2135}"
EndProject
Project("{FAE04EC0-301F-11D3-BF4B-00C04F79EFBC}") = "Plugin", "TTT\Plugin\Plugin.csproj", "{581DA648-28A9-4E6F-9E1C-7DD19B90C10F}"
EndProject
Project("{FAE04EC0-301F-11D3-BF4B-00C04F79EFBC}") = "Test", "TTT\Test\Test.csproj", "{D0424929-808F-49F8-9894-DDD770F55B7C}"
EndProject
Project("{FAE04EC0-301F-11D3-BF4B-00C04F79EFBC}") = "CS2", "TTT\CS2\CS2.csproj", "{A595E6E3-A881-4524-8E5D-DE65106E1DD5}"
EndProject
Project("{FAE04EC0-301F-11D3-BF4B-00C04F79EFBC}") = "Game", "TTT\Game\Game.csproj", "{C41F5E15-2E28-4D14-A9F8-06FEADD24F2D}"
EndProject
Project("{FAE04EC0-301F-11D3-BF4B-00C04F79EFBC}") = "Versioning", "Versioning\Versioning.csproj", "{7AABCDC7-14BE-437C-BD41-C765CAB82F0E}"
EndProject
Project("{FAE04EC0-301F-11D3-BF4B-00C04F79EFBC}") = "Locale", "Locale\Locale.csproj", "{B5F91489-CD1B-42F2-9CF0-889604BD7C7E}"
EndProject
Project("{FAE04EC0-301F-11D3-BF4B-00C04F79EFBC}") = "Shop", "TTT\Shop\Shop.csproj", "{478416D7-4996-41CC-BDDF-5BF50B505D0F}"
EndProject
Project("{FAE04EC0-301F-11D3-BF4B-00C04F79EFBC}") = "Karma", "TTT\Karma\Karma.csproj", "{AFC791EC-750C-423F-9F35-87636657E990}"
EndProject
Project("{FAE04EC0-301F-11D3-BF4B-00C04F79EFBC}") = "ShopAPI", "TTT\ShopAPI\ShopAPI.csproj", "{16F720B5-9D45-47BF-8C80-4F91005E36D1}"
EndProject
Project("{FAE04EC0-301F-11D3-BF4B-00C04F79EFBC}") = "RTD", "TTT\RTD\RTD.csproj", "{8A426E84-45DA-4558-A218-E042F1AC60B2}"
EndProject
Project("{FAE04EC0-301F-11D3-BF4B-00C04F79EFBC}") = "Stats", "TTT\Stats\Stats.csproj", "{256473A2-6ACD-440C-83FA-6056147656C7}"
EndProject
Project("{FAE04EC0-301F-11D3-BF4B-00C04F79EFBC}") = "SpecialRound", "TTT\SpecialRound\SpecialRound.csproj", "{5092069A-3CFA-41C8-B685-341040AB435C}"
EndProject
Project("{FAE04EC0-301F-11D3-BF4B-00C04F79EFBC}") = "SpecialRoundAPI", "TTT\SpecialRoundAPI\SpecialRoundAPI.csproj", "{360FEF16-54DA-42EE-995A-3D31C699287D}"
EndProject
Project("{2150E333-8FDC-42A3-9474-1A3956D46DE8}") = "TTT", "TTT", "{25037950-9138-9D8C-8669-C9001530CD3B}"
EndProject
Project("{FAE04EC0-301F-11D3-BF4B-00C04F79EFBC}") = "RDM", "TTT\RDM\RDM.csproj", "{2D21D87A-E594-4A7B-AC18-D307CC9A6596}"
EndProject
Global
	GlobalSection(SolutionConfigurationPlatforms) = preSolution
		Debug|Any CPU = Debug|Any CPU
		Debug|x64 = Debug|x64
		Debug|x86 = Debug|x86
		Release|Any CPU = Release|Any CPU
		Release|x64 = Release|x64
		Release|x86 = Release|x86
	EndGlobalSection
	GlobalSection(ProjectConfigurationPlatforms) = postSolution
		{A7B58A1F-7C15-423B-B008-30E38D0E2135}.Debug|Any CPU.ActiveCfg = Debug|Any CPU
		{A7B58A1F-7C15-423B-B008-30E38D0E2135}.Debug|Any CPU.Build.0 = Debug|Any CPU
		{A7B58A1F-7C15-423B-B008-30E38D0E2135}.Debug|x64.ActiveCfg = Debug|Any CPU
		{A7B58A1F-7C15-423B-B008-30E38D0E2135}.Debug|x64.Build.0 = Debug|Any CPU
		{A7B58A1F-7C15-423B-B008-30E38D0E2135}.Debug|x86.ActiveCfg = Debug|Any CPU
		{A7B58A1F-7C15-423B-B008-30E38D0E2135}.Debug|x86.Build.0 = Debug|Any CPU
		{A7B58A1F-7C15-423B-B008-30E38D0E2135}.Release|Any CPU.ActiveCfg = Release|Any CPU
		{A7B58A1F-7C15-423B-B008-30E38D0E2135}.Release|Any CPU.Build.0 = Release|Any CPU
		{A7B58A1F-7C15-423B-B008-30E38D0E2135}.Release|x64.ActiveCfg = Release|Any CPU
		{A7B58A1F-7C15-423B-B008-30E38D0E2135}.Release|x64.Build.0 = Release|Any CPU
		{A7B58A1F-7C15-423B-B008-30E38D0E2135}.Release|x86.ActiveCfg = Release|Any CPU
		{A7B58A1F-7C15-423B-B008-30E38D0E2135}.Release|x86.Build.0 = Release|Any CPU
		{581DA648-28A9-4E6F-9E1C-7DD19B90C10F}.Debug|Any CPU.ActiveCfg = Debug|Any CPU
		{581DA648-28A9-4E6F-9E1C-7DD19B90C10F}.Debug|Any CPU.Build.0 = Debug|Any CPU
		{581DA648-28A9-4E6F-9E1C-7DD19B90C10F}.Debug|x64.ActiveCfg = Debug|Any CPU
		{581DA648-28A9-4E6F-9E1C-7DD19B90C10F}.Debug|x64.Build.0 = Debug|Any CPU
		{581DA648-28A9-4E6F-9E1C-7DD19B90C10F}.Debug|x86.ActiveCfg = Debug|Any CPU
		{581DA648-28A9-4E6F-9E1C-7DD19B90C10F}.Debug|x86.Build.0 = Debug|Any CPU
		{581DA648-28A9-4E6F-9E1C-7DD19B90C10F}.Release|Any CPU.ActiveCfg = Release|Any CPU
		{581DA648-28A9-4E6F-9E1C-7DD19B90C10F}.Release|Any CPU.Build.0 = Release|Any CPU
		{581DA648-28A9-4E6F-9E1C-7DD19B90C10F}.Release|x64.ActiveCfg = Release|Any CPU
		{581DA648-28A9-4E6F-9E1C-7DD19B90C10F}.Release|x64.Build.0 = Release|Any CPU
		{581DA648-28A9-4E6F-9E1C-7DD19B90C10F}.Release|x86.ActiveCfg = Release|Any CPU
		{581DA648-28A9-4E6F-9E1C-7DD19B90C10F}.Release|x86.Build.0 = Release|Any CPU
		{D0424929-808F-49F8-9894-DDD770F55B7C}.Debug|Any CPU.ActiveCfg = Debug|Any CPU
		{D0424929-808F-49F8-9894-DDD770F55B7C}.Debug|Any CPU.Build.0 = Debug|Any CPU
		{D0424929-808F-49F8-9894-DDD770F55B7C}.Debug|x64.ActiveCfg = Debug|Any CPU
		{D0424929-808F-49F8-9894-DDD770F55B7C}.Debug|x64.Build.0 = Debug|Any CPU
		{D0424929-808F-49F8-9894-DDD770F55B7C}.Debug|x86.ActiveCfg = Debug|Any CPU
		{D0424929-808F-49F8-9894-DDD770F55B7C}.Debug|x86.Build.0 = Debug|Any CPU
		{D0424929-808F-49F8-9894-DDD770F55B7C}.Release|Any CPU.ActiveCfg = Release|Any CPU
		{D0424929-808F-49F8-9894-DDD770F55B7C}.Release|Any CPU.Build.0 = Release|Any CPU
		{D0424929-808F-49F8-9894-DDD770F55B7C}.Release|x64.ActiveCfg = Release|Any CPU
		{D0424929-808F-49F8-9894-DDD770F55B7C}.Release|x64.Build.0 = Release|Any CPU
		{D0424929-808F-49F8-9894-DDD770F55B7C}.Release|x86.ActiveCfg = Release|Any CPU
		{D0424929-808F-49F8-9894-DDD770F55B7C}.Release|x86.Build.0 = Release|Any CPU
		{A595E6E3-A881-4524-8E5D-DE65106E1DD5}.Debug|Any CPU.ActiveCfg = Debug|Any CPU
		{A595E6E3-A881-4524-8E5D-DE65106E1DD5}.Debug|Any CPU.Build.0 = Debug|Any CPU
		{A595E6E3-A881-4524-8E5D-DE65106E1DD5}.Debug|x64.ActiveCfg = Debug|Any CPU
		{A595E6E3-A881-4524-8E5D-DE65106E1DD5}.Debug|x64.Build.0 = Debug|Any CPU
		{A595E6E3-A881-4524-8E5D-DE65106E1DD5}.Debug|x86.ActiveCfg = Debug|Any CPU
		{A595E6E3-A881-4524-8E5D-DE65106E1DD5}.Debug|x86.Build.0 = Debug|Any CPU
		{A595E6E3-A881-4524-8E5D-DE65106E1DD5}.Release|Any CPU.ActiveCfg = Release|Any CPU
		{A595E6E3-A881-4524-8E5D-DE65106E1DD5}.Release|Any CPU.Build.0 = Release|Any CPU
		{A595E6E3-A881-4524-8E5D-DE65106E1DD5}.Release|x64.ActiveCfg = Release|Any CPU
		{A595E6E3-A881-4524-8E5D-DE65106E1DD5}.Release|x64.Build.0 = Release|Any CPU
		{A595E6E3-A881-4524-8E5D-DE65106E1DD5}.Release|x86.ActiveCfg = Release|Any CPU
		{A595E6E3-A881-4524-8E5D-DE65106E1DD5}.Release|x86.Build.0 = Release|Any CPU
		{C41F5E15-2E28-4D14-A9F8-06FEADD24F2D}.Debug|Any CPU.ActiveCfg = Debug|Any CPU
		{C41F5E15-2E28-4D14-A9F8-06FEADD24F2D}.Debug|Any CPU.Build.0 = Debug|Any CPU
		{C41F5E15-2E28-4D14-A9F8-06FEADD24F2D}.Debug|x64.ActiveCfg = Debug|Any CPU
		{C41F5E15-2E28-4D14-A9F8-06FEADD24F2D}.Debug|x64.Build.0 = Debug|Any CPU
		{C41F5E15-2E28-4D14-A9F8-06FEADD24F2D}.Debug|x86.ActiveCfg = Debug|Any CPU
		{C41F5E15-2E28-4D14-A9F8-06FEADD24F2D}.Debug|x86.Build.0 = Debug|Any CPU
		{C41F5E15-2E28-4D14-A9F8-06FEADD24F2D}.Release|Any CPU.ActiveCfg = Release|Any CPU
		{C41F5E15-2E28-4D14-A9F8-06FEADD24F2D}.Release|Any CPU.Build.0 = Release|Any CPU
		{C41F5E15-2E28-4D14-A9F8-06FEADD24F2D}.Release|x64.ActiveCfg = Release|Any CPU
		{C41F5E15-2E28-4D14-A9F8-06FEADD24F2D}.Release|x64.Build.0 = Release|Any CPU
		{C41F5E15-2E28-4D14-A9F8-06FEADD24F2D}.Release|x86.ActiveCfg = Release|Any CPU
		{C41F5E15-2E28-4D14-A9F8-06FEADD24F2D}.Release|x86.Build.0 = Release|Any CPU
		{7AABCDC7-14BE-437C-BD41-C765CAB82F0E}.Debug|Any CPU.ActiveCfg = Debug|Any CPU
		{7AABCDC7-14BE-437C-BD41-C765CAB82F0E}.Debug|Any CPU.Build.0 = Debug|Any CPU
		{7AABCDC7-14BE-437C-BD41-C765CAB82F0E}.Debug|x64.ActiveCfg = Debug|Any CPU
		{7AABCDC7-14BE-437C-BD41-C765CAB82F0E}.Debug|x64.Build.0 = Debug|Any CPU
		{7AABCDC7-14BE-437C-BD41-C765CAB82F0E}.Debug|x86.ActiveCfg = Debug|Any CPU
		{7AABCDC7-14BE-437C-BD41-C765CAB82F0E}.Debug|x86.Build.0 = Debug|Any CPU
		{7AABCDC7-14BE-437C-BD41-C765CAB82F0E}.Release|Any CPU.ActiveCfg = Release|Any CPU
		{7AABCDC7-14BE-437C-BD41-C765CAB82F0E}.Release|Any CPU.Build.0 = Release|Any CPU
		{7AABCDC7-14BE-437C-BD41-C765CAB82F0E}.Release|x64.ActiveCfg = Release|Any CPU
		{7AABCDC7-14BE-437C-BD41-C765CAB82F0E}.Release|x64.Build.0 = Release|Any CPU
		{7AABCDC7-14BE-437C-BD41-C765CAB82F0E}.Release|x86.ActiveCfg = Release|Any CPU
		{7AABCDC7-14BE-437C-BD41-C765CAB82F0E}.Release|x86.Build.0 = Release|Any CPU
		{B5F91489-CD1B-42F2-9CF0-889604BD7C7E}.Debug|Any CPU.ActiveCfg = Debug|Any CPU
		{B5F91489-CD1B-42F2-9CF0-889604BD7C7E}.Debug|Any CPU.Build.0 = Debug|Any CPU
		{B5F91489-CD1B-42F2-9CF0-889604BD7C7E}.Debug|x64.ActiveCfg = Debug|Any CPU
		{B5F91489-CD1B-42F2-9CF0-889604BD7C7E}.Debug|x64.Build.0 = Debug|Any CPU
		{B5F91489-CD1B-42F2-9CF0-889604BD7C7E}.Debug|x86.ActiveCfg = Debug|Any CPU
		{B5F91489-CD1B-42F2-9CF0-889604BD7C7E}.Debug|x86.Build.0 = Debug|Any CPU
		{B5F91489-CD1B-42F2-9CF0-889604BD7C7E}.Release|Any CPU.ActiveCfg = Release|Any CPU
		{B5F91489-CD1B-42F2-9CF0-889604BD7C7E}.Release|Any CPU.Build.0 = Release|Any CPU
		{B5F91489-CD1B-42F2-9CF0-889604BD7C7E}.Release|x64.ActiveCfg = Release|Any CPU
		{B5F91489-CD1B-42F2-9CF0-889604BD7C7E}.Release|x64.Build.0 = Release|Any CPU
		{B5F91489-CD1B-42F2-9CF0-889604BD7C7E}.Release|x86.ActiveCfg = Release|Any CPU
		{B5F91489-CD1B-42F2-9CF0-889604BD7C7E}.Release|x86.Build.0 = Release|Any CPU
		{478416D7-4996-41CC-BDDF-5BF50B505D0F}.Debug|Any CPU.ActiveCfg = Debug|Any CPU
		{478416D7-4996-41CC-BDDF-5BF50B505D0F}.Debug|Any CPU.Build.0 = Debug|Any CPU
		{478416D7-4996-41CC-BDDF-5BF50B505D0F}.Debug|x64.ActiveCfg = Debug|Any CPU
		{478416D7-4996-41CC-BDDF-5BF50B505D0F}.Debug|x64.Build.0 = Debug|Any CPU
		{478416D7-4996-41CC-BDDF-5BF50B505D0F}.Debug|x86.ActiveCfg = Debug|Any CPU
		{478416D7-4996-41CC-BDDF-5BF50B505D0F}.Debug|x86.Build.0 = Debug|Any CPU
		{478416D7-4996-41CC-BDDF-5BF50B505D0F}.Release|Any CPU.ActiveCfg = Release|Any CPU
		{478416D7-4996-41CC-BDDF-5BF50B505D0F}.Release|Any CPU.Build.0 = Release|Any CPU
		{478416D7-4996-41CC-BDDF-5BF50B505D0F}.Release|x64.ActiveCfg = Release|Any CPU
		{478416D7-4996-41CC-BDDF-5BF50B505D0F}.Release|x64.Build.0 = Release|Any CPU
		{478416D7-4996-41CC-BDDF-5BF50B505D0F}.Release|x86.ActiveCfg = Release|Any CPU
		{478416D7-4996-41CC-BDDF-5BF50B505D0F}.Release|x86.Build.0 = Release|Any CPU
		{AFC791EC-750C-423F-9F35-87636657E990}.Debug|Any CPU.ActiveCfg = Debug|Any CPU
		{AFC791EC-750C-423F-9F35-87636657E990}.Debug|Any CPU.Build.0 = Debug|Any CPU
		{AFC791EC-750C-423F-9F35-87636657E990}.Debug|x64.ActiveCfg = Debug|Any CPU
		{AFC791EC-750C-423F-9F35-87636657E990}.Debug|x64.Build.0 = Debug|Any CPU
		{AFC791EC-750C-423F-9F35-87636657E990}.Debug|x86.ActiveCfg = Debug|Any CPU
		{AFC791EC-750C-423F-9F35-87636657E990}.Debug|x86.Build.0 = Debug|Any CPU
		{AFC791EC-750C-423F-9F35-87636657E990}.Release|Any CPU.ActiveCfg = Release|Any CPU
		{AFC791EC-750C-423F-9F35-87636657E990}.Release|Any CPU.Build.0 = Release|Any CPU
		{AFC791EC-750C-423F-9F35-87636657E990}.Release|x64.ActiveCfg = Release|Any CPU
		{AFC791EC-750C-423F-9F35-87636657E990}.Release|x64.Build.0 = Release|Any CPU
		{AFC791EC-750C-423F-9F35-87636657E990}.Release|x86.ActiveCfg = Release|Any CPU
		{AFC791EC-750C-423F-9F35-87636657E990}.Release|x86.Build.0 = Release|Any CPU
		{16F720B5-9D45-47BF-8C80-4F91005E36D1}.Debug|Any CPU.ActiveCfg = Debug|Any CPU
		{16F720B5-9D45-47BF-8C80-4F91005E36D1}.Debug|Any CPU.Build.0 = Debug|Any CPU
		{16F720B5-9D45-47BF-8C80-4F91005E36D1}.Debug|x64.ActiveCfg = Debug|Any CPU
		{16F720B5-9D45-47BF-8C80-4F91005E36D1}.Debug|x64.Build.0 = Debug|Any CPU
		{16F720B5-9D45-47BF-8C80-4F91005E36D1}.Debug|x86.ActiveCfg = Debug|Any CPU
		{16F720B5-9D45-47BF-8C80-4F91005E36D1}.Debug|x86.Build.0 = Debug|Any CPU
		{16F720B5-9D45-47BF-8C80-4F91005E36D1}.Release|Any CPU.ActiveCfg = Release|Any CPU
		{16F720B5-9D45-47BF-8C80-4F91005E36D1}.Release|Any CPU.Build.0 = Release|Any CPU
		{16F720B5-9D45-47BF-8C80-4F91005E36D1}.Release|x64.ActiveCfg = Release|Any CPU
		{16F720B5-9D45-47BF-8C80-4F91005E36D1}.Release|x64.Build.0 = Release|Any CPU
		{16F720B5-9D45-47BF-8C80-4F91005E36D1}.Release|x86.ActiveCfg = Release|Any CPU
		{16F720B5-9D45-47BF-8C80-4F91005E36D1}.Release|x86.Build.0 = Release|Any CPU
		{8A426E84-45DA-4558-A218-E042F1AC60B2}.Debug|Any CPU.ActiveCfg = Debug|Any CPU
		{8A426E84-45DA-4558-A218-E042F1AC60B2}.Debug|Any CPU.Build.0 = Debug|Any CPU
		{8A426E84-45DA-4558-A218-E042F1AC60B2}.Debug|x64.ActiveCfg = Debug|Any CPU
		{8A426E84-45DA-4558-A218-E042F1AC60B2}.Debug|x64.Build.0 = Debug|Any CPU
		{8A426E84-45DA-4558-A218-E042F1AC60B2}.Debug|x86.ActiveCfg = Debug|Any CPU
		{8A426E84-45DA-4558-A218-E042F1AC60B2}.Debug|x86.Build.0 = Debug|Any CPU
		{8A426E84-45DA-4558-A218-E042F1AC60B2}.Release|Any CPU.ActiveCfg = Release|Any CPU
		{8A426E84-45DA-4558-A218-E042F1AC60B2}.Release|Any CPU.Build.0 = Release|Any CPU
		{8A426E84-45DA-4558-A218-E042F1AC60B2}.Release|x64.ActiveCfg = Release|Any CPU
		{8A426E84-45DA-4558-A218-E042F1AC60B2}.Release|x64.Build.0 = Release|Any CPU
		{8A426E84-45DA-4558-A218-E042F1AC60B2}.Release|x86.ActiveCfg = Release|Any CPU
		{8A426E84-45DA-4558-A218-E042F1AC60B2}.Release|x86.Build.0 = Release|Any CPU
		{256473A2-6ACD-440C-83FA-6056147656C7}.Debug|Any CPU.ActiveCfg = Debug|Any CPU
		{256473A2-6ACD-440C-83FA-6056147656C7}.Debug|Any CPU.Build.0 = Debug|Any CPU
		{256473A2-6ACD-440C-83FA-6056147656C7}.Debug|x64.ActiveCfg = Debug|Any CPU
		{256473A2-6ACD-440C-83FA-6056147656C7}.Debug|x64.Build.0 = Debug|Any CPU
		{256473A2-6ACD-440C-83FA-6056147656C7}.Debug|x86.ActiveCfg = Debug|Any CPU
		{256473A2-6ACD-440C-83FA-6056147656C7}.Debug|x86.Build.0 = Debug|Any CPU
		{256473A2-6ACD-440C-83FA-6056147656C7}.Release|Any CPU.ActiveCfg = Release|Any CPU
		{256473A2-6ACD-440C-83FA-6056147656C7}.Release|Any CPU.Build.0 = Release|Any CPU
		{256473A2-6ACD-440C-83FA-6056147656C7}.Release|x64.ActiveCfg = Release|Any CPU
		{256473A2-6ACD-440C-83FA-6056147656C7}.Release|x64.Build.0 = Release|Any CPU
		{256473A2-6ACD-440C-83FA-6056147656C7}.Release|x86.ActiveCfg = Release|Any CPU
		{256473A2-6ACD-440C-83FA-6056147656C7}.Release|x86.Build.0 = Release|Any CPU
		{5092069A-3CFA-41C8-B685-341040AB435C}.Debug|Any CPU.ActiveCfg = Debug|Any CPU
		{5092069A-3CFA-41C8-B685-341040AB435C}.Debug|Any CPU.Build.0 = Debug|Any CPU
		{5092069A-3CFA-41C8-B685-341040AB435C}.Debug|x64.ActiveCfg = Debug|Any CPU
		{5092069A-3CFA-41C8-B685-341040AB435C}.Debug|x64.Build.0 = Debug|Any CPU
		{5092069A-3CFA-41C8-B685-341040AB435C}.Debug|x86.ActiveCfg = Debug|Any CPU
		{5092069A-3CFA-41C8-B685-341040AB435C}.Debug|x86.Build.0 = Debug|Any CPU
		{5092069A-3CFA-41C8-B685-341040AB435C}.Release|Any CPU.ActiveCfg = Release|Any CPU
		{5092069A-3CFA-41C8-B685-341040AB435C}.Release|Any CPU.Build.0 = Release|Any CPU
		{5092069A-3CFA-41C8-B685-341040AB435C}.Release|x64.ActiveCfg = Release|Any CPU
		{5092069A-3CFA-41C8-B685-341040AB435C}.Release|x64.Build.0 = Release|Any CPU
		{5092069A-3CFA-41C8-B685-341040AB435C}.Release|x86.ActiveCfg = Release|Any CPU
		{5092069A-3CFA-41C8-B685-341040AB435C}.Release|x86.Build.0 = Release|Any CPU
		{360FEF16-54DA-42EE-995A-3D31C699287D}.Debug|Any CPU.ActiveCfg = Debug|Any CPU
		{360FEF16-54DA-42EE-995A-3D31C699287D}.Debug|Any CPU.Build.0 = Debug|Any CPU
		{360FEF16-54DA-42EE-995A-3D31C699287D}.Debug|x64.ActiveCfg = Debug|Any CPU
		{360FEF16-54DA-42EE-995A-3D31C699287D}.Debug|x64.Build.0 = Debug|Any CPU
		{360FEF16-54DA-42EE-995A-3D31C699287D}.Debug|x86.ActiveCfg = Debug|Any CPU
		{360FEF16-54DA-42EE-995A-3D31C699287D}.Debug|x86.Build.0 = Debug|Any CPU
		{360FEF16-54DA-42EE-995A-3D31C699287D}.Release|Any CPU.ActiveCfg = Release|Any CPU
		{360FEF16-54DA-42EE-995A-3D31C699287D}.Release|Any CPU.Build.0 = Release|Any CPU
		{360FEF16-54DA-42EE-995A-3D31C699287D}.Release|x64.ActiveCfg = Release|Any CPU
		{360FEF16-54DA-42EE-995A-3D31C699287D}.Release|x64.Build.0 = Release|Any CPU
		{360FEF16-54DA-42EE-995A-3D31C699287D}.Release|x86.ActiveCfg = Release|Any CPU
		{360FEF16-54DA-42EE-995A-3D31C699287D}.Release|x86.Build.0 = Release|Any CPU
		{2D21D87A-E594-4A7B-AC18-D307CC9A6596}.Debug|Any CPU.ActiveCfg = Debug|Any CPU
		{2D21D87A-E594-4A7B-AC18-D307CC9A6596}.Debug|Any CPU.Build.0 = Debug|Any CPU
		{2D21D87A-E594-4A7B-AC18-D307CC9A6596}.Debug|x64.ActiveCfg = Debug|Any CPU
		{2D21D87A-E594-4A7B-AC18-D307CC9A6596}.Debug|x64.Build.0 = Debug|Any CPU
		{2D21D87A-E594-4A7B-AC18-D307CC9A6596}.Debug|x86.ActiveCfg = Debug|Any CPU
		{2D21D87A-E594-4A7B-AC18-D307CC9A6596}.Debug|x86.Build.0 = Debug|Any CPU
		{2D21D87A-E594-4A7B-AC18-D307CC9A6596}.Release|Any CPU.ActiveCfg = Release|Any CPU
		{2D21D87A-E594-4A7B-AC18-D307CC9A6596}.Release|Any CPU.Build.0 = Release|Any CPU
		{2D21D87A-E594-4A7B-AC18-D307CC9A6596}.Release|x64.ActiveCfg = Release|Any CPU
		{2D21D87A-E594-4A7B-AC18-D307CC9A6596}.Release|x64.Build.0 = Release|Any CPU
		{2D21D87A-E594-4A7B-AC18-D307CC9A6596}.Release|x86.ActiveCfg = Release|Any CPU
		{2D21D87A-E594-4A7B-AC18-D307CC9A6596}.Release|x86.Build.0 = Release|Any CPU
	EndGlobalSection
	GlobalSection(SolutionProperties) = preSolution
		HideSolutionNode = FALSE
	EndGlobalSection
	GlobalSection(NestedProjects) = preSolution
		{2D21D87A-E594-4A7B-AC18-D307CC9A6596} = {25037950-9138-9D8C-8669-C9001530CD3B}
	EndGlobalSection
EndGlobal
